
Microsoft Visual Studio Solution File, Format Version 12.00
# Visual Studio 15
VisualStudioVersion = 15.0.27924.0
MinimumVisualStudioVersion = 10.0.40219.1
Project("{FAE04EC0-301F-11D3-BF4B-00C04F79EFBC}") = "Rust", "Rust\Rust.csproj", "{F26FCC24-A824-4434-ACED-F2279F9BF0AB}"
EndProject
Global
	GlobalSection(SolutionConfigurationPlatforms) = preSolution
		Debug|Any CPU = Debug|Any CPU
		Release|Any CPU = Release|Any CPU
	EndGlobalSection
	GlobalSection(ProjectConfigurationPlatforms) = postSolution
		{F26FCC24-A824-4434-ACED-F2279F9BF0AB}.Debug|Any CPU.ActiveCfg = Debug|Any CPU
		{F26FCC24-A824-4434-ACED-F2279F9BF0AB}.Debug|Any CPU.Build.0 = Debug|Any CPU
		{F26FCC24-A824-4434-ACED-F2279F9BF0AB}.Release|Any CPU.ActiveCfg = Release|Any CPU
		{F26FCC24-A824-4434-ACED-F2279F9BF0AB}.Release|Any CPU.Build.0 = Release|Any CPU
	EndGlobalSection
	GlobalSection(SolutionProperties) = preSolution
		HideSolutionNode = FALSE
	EndGlobalSection
	GlobalSection(ExtensibilityGlobals) = postSolution
		SolutionGuid = {05E0BDA3-D05F-415C-95A1-91F5E9EAE7A5}
	EndGlobalSection
EndGlobal
